{
  "lockfileVersion": 1,
  "workspaces": {
    "": {
      "name": "calc-ai-contrib",
      "dependencies": {
        "dotenv": "17.1.0",
        "micromatch": "4.0.8",
        "octokit": "5.0.3",
        "simple-git": "3.28.0",
        "yargs": "18.0.0",
      },
      "devDependencies": {
        "@biomejs/biome": "2.1.0",
        "@types/bun": "1.2.18",
        "@types/micromatch": "4.0.9",
        "@types/yargs": "17.0.33",
        "@willbooster/biome-config": "3.2.0",
        "@willbooster/prettier-config": "10.2.0",
        "@willbooster/wb": "9.0.1",
        "lefthook": "1.12.0",
        "prettier": "3.6.2",
        "prettier-plugin-java": "2.7.1",
        "sort-package-json": "3.4.0",
        "typescript": "5.8.3",
      },
    },
  },
  "packages": {
    "@biomejs/biome": ["@biomejs/biome@2.1.0", "", { "optionalDependencies": { "@biomejs/cli-darwin-arm64": "2.1.0", "@biomejs/cli-darwin-x64": "2.1.0", "@biomejs/cli-linux-arm64": "2.1.0", "@biomejs/cli-linux-arm64-musl": "2.1.0", "@biomejs/cli-linux-x64": "2.1.0", "@biomejs/cli-linux-x64-musl": "2.1.0", "@biomejs/cli-win32-arm64": "2.1.0", "@biomejs/cli-win32-x64": "2.1.0" }, "bin": { "biome": "bin/biome" } }, "sha512-K2UDr1dCiaOWegp4yQLMC4Evgl85ze1O7r+WxPeO7cNl0XrIcTshvdQGMDB23c/2afXz6RsOKYfWLErNbBbjmA=="],

    "@biomejs/cli-darwin-arm64": ["@biomejs/cli-darwin-arm64@2.1.0", "", { "os": "darwin", "cpu": "arm64" }, "sha512-RDXEUGSCvUx3PKWRt95WRtwH+l01slm7r2zaotDwWERn/RITMcdet21rI5q5cYhL4XJiAvLHG8qyLNSXqIOCwQ=="],

    "@biomejs/cli-darwin-x64": ["@biomejs/cli-darwin-x64@2.1.0", "", { "os": "darwin", "cpu": "x64" }, "sha512-epLFRbMjYS/Cu9Kc5gM3wzUExsKj2Z0oxIiuxlI4ZterIqm19yvTOtJoqSec8gjUXOTNvPVoEIfSSXg37yepow=="],

    "@biomejs/cli-linux-arm64": ["@biomejs/cli-linux-arm64@2.1.0", "", { "os": "linux", "cpu": "arm64" }, "sha512-HZys1/TeIH5lagwtf9yKSO+gtA+cYMJW22ckDGuKt2xIvPu7VqgTNjJtTdRcetXe0+benlMMo+KFs3xL2b/2QA=="],

    "@biomejs/cli-linux-arm64-musl": ["@biomejs/cli-linux-arm64-musl@2.1.0", "", { "os": "linux", "cpu": "arm64" }, "sha512-J7z6s/M50wt5lhSkivAs2GJHPhiah3hkdg1LipM6wlK6cVC3YeIA/X6pgWBfjEwyfsFlpc3nRM+pQ17DI8FpDQ=="],

    "@biomejs/cli-linux-x64": ["@biomejs/cli-linux-x64@2.1.0", "", { "os": "linux", "cpu": "x64" }, "sha512-nAVAP1ov/zcXMhNq3WCbYZmlU/YTF3ZT+LeXR1CEJnDgunPC/Srp7j1LWlrIx6wxNOCDOFow8fmyfC7c/BKLig=="],

    "@biomejs/cli-linux-x64-musl": ["@biomejs/cli-linux-x64-musl@2.1.0", "", { "os": "linux", "cpu": "x64" }, "sha512-uj8felYcBeXh32kznnKrAQoZ9pLqta/6qvwLJ4AZtUmY6cSUUa5c+VLnFtxMfuhvps/M4D55VGnwSINOEblPQg=="],

    "@biomejs/cli-win32-arm64": ["@biomejs/cli-win32-arm64@2.1.0", "", { "os": "win32", "cpu": "arm64" }, "sha512-eGGqGs+8Q34n1zp/rEadFRKjzwFszpZ2+p6B1Dmi7dn1DNEYhNXoRWLcjyca+ZSTrdV7COx0scyjgF9Tg73kBw=="],

    "@biomejs/cli-win32-x64": ["@biomejs/cli-win32-x64@2.1.0", "", { "os": "win32", "cpu": "x64" }, "sha512-pkp6jucyvE8DJSXXwSKs+Mxx1KXkMJ2d8GbBu4Lf0nAQHl40TZjjp1RuNEo9Z7NNXPQzbLACDtK6/vDalO2WRg=="],

    "@chevrotain/cst-dts-gen": ["@chevrotain/cst-dts-gen@11.0.3", "", { "dependencies": { "@chevrotain/gast": "11.0.3", "@chevrotain/types": "11.0.3", "lodash-es": "4.17.21" } }, "sha512-BvIKpRLeS/8UbfxXxgC33xOumsacaeCKAjAeLyOn7Pcp95HiRbrpl14S+9vaZLolnbssPIUuiUd8IvgkRyt6NQ=="],

    "@chevrotain/gast": ["@chevrotain/gast@11.0.3", "", { "dependencies": { "@chevrotain/types": "11.0.3", "lodash-es": "4.17.21" } }, "sha512-+qNfcoNk70PyS/uxmj3li5NiECO+2YKZZQMbmjTqRI3Qchu8Hig/Q9vgkHpI3alNjr7M+a2St5pw5w5F6NL5/Q=="],

    "@chevrotain/regexp-to-ast": ["@chevrotain/regexp-to-ast@11.0.3", "", {}, "sha512-1fMHaBZxLFvWI067AVbGJav1eRY7N8DDvYCTwGBiE/ytKBgP8azTdgyrKyWZ9Mfh09eHWb5PgTSO8wi7U824RA=="],

    "@chevrotain/types": ["@chevrotain/types@11.0.3", "", {}, "sha512-gsiM3G8b58kZC2HaWR50gu6Y1440cHiJ+i3JUvcp/35JchYejb2+5MVeJK0iKThYpAa/P2PYFV4hoi44HD+aHQ=="],

    "@chevrotain/utils": ["@chevrotain/utils@11.0.3", "", {}, "sha512-YslZMgtJUyuMbZ+aKvfF3x1f5liK4mWNxghFRv7jqRR9C3R3fAOGTTKvxXDa2Y1s9zSbcpuO0cAxDYsc9SrXoQ=="],

    "@kwsites/file-exists": ["@kwsites/file-exists@1.1.1", "", { "dependencies": { "debug": "^4.1.1" } }, "sha512-m9/5YGR18lIwxSFDwfE3oA7bWuq9kdau6ugN4H2rJeyhFQZcG9AgSHkQtSD15a8WvTgfz9aikZMrKPHvbpqFiw=="],

    "@kwsites/promise-deferred": ["@kwsites/promise-deferred@1.1.1", "", {}, "sha512-GaHYm+c0O9MjZRu0ongGBRbinu8gVAMd2UZjji6jVmqKtZluZnptXGWhz1E8j8D2HJ3f/yMxKAUC0b+57wncIw=="],

    "@nodelib/fs.scandir": ["@nodelib/fs.scandir@2.1.5", "", { "dependencies": { "@nodelib/fs.stat": "2.0.5", "run-parallel": "^1.1.9" } }, "sha512-vq24Bq3ym5HEQm2NKCr3yXDwjc7vTsEThRDnkp2DK9p1uqLR+DHurm/NOTo0KG7HYHU7eppKZj3MyqYuMBf62g=="],

    "@nodelib/fs.stat": ["@nodelib/fs.stat@2.0.5", "", {}, "sha512-RkhPPp2zrqDAQA/2jNhnztcPAlv64XdhIp7a7454A5ovI7Bukxgt7MX7udwAu3zg1DcpPU0rz3VV1SeaqvY4+A=="],

    "@nodelib/fs.walk": ["@nodelib/fs.walk@1.2.8", "", { "dependencies": { "@nodelib/fs.scandir": "2.1.5", "fastq": "^1.6.0" } }, "sha512-oGB+UxlgWcgQkgwo8GcEGwemoTFt3FIO9ababBmaGwXIoBKZ+GTy0pP185beGg7Llih/NSHSV2XAs1lnznocSg=="],

    "@octokit/app": ["@octokit/app@16.0.1", "", { "dependencies": { "@octokit/auth-app": "^8.0.1", "@octokit/auth-unauthenticated": "^7.0.1", "@octokit/core": "^7.0.2", "@octokit/oauth-app": "^8.0.1", "@octokit/plugin-paginate-rest": "^13.0.0", "@octokit/types": "^14.0.0", "@octokit/webhooks": "^14.0.0" } }, "sha512-kgTeTsWmpUX+s3Fs4EK4w1K+jWCDB6ClxLSWUWTyhlw7+L3jHtuXDR4QtABu2GsmCMdk67xRhruiXotS3ay3Yw=="],

    "@octokit/auth-app": ["@octokit/auth-app@8.0.1", "", { "dependencies": { "@octokit/auth-oauth-app": "^9.0.1", "@octokit/auth-oauth-user": "^6.0.0", "@octokit/request": "^10.0.2", "@octokit/request-error": "^7.0.0", "@octokit/types": "^14.0.0", "toad-cache": "^3.7.0", "universal-github-app-jwt": "^2.2.0", "universal-user-agent": "^7.0.0" } }, "sha512-P2J5pB3pjiGwtJX4WqJVYCtNkcZ+j5T2Wm14aJAEIC3WJOrv12jvBley3G1U/XI8q9o1A7QMG54LiFED2BiFlg=="],

    "@octokit/auth-oauth-app": ["@octokit/auth-oauth-app@9.0.1", "", { "dependencies": { "@octokit/auth-oauth-device": "^8.0.1", "@octokit/auth-oauth-user": "^6.0.0", "@octokit/request": "^10.0.2", "@octokit/types": "^14.0.0", "universal-user-agent": "^7.0.0" } }, "sha512-TthWzYxuHKLAbmxdFZwFlmwVyvynpyPmjwc+2/cI3cvbT7mHtsAW9b1LvQaNnAuWL+pFnqtxdmrU8QpF633i1g=="],

    "@octokit/auth-oauth-device": ["@octokit/auth-oauth-device@8.0.1", "", { "dependencies": { "@octokit/oauth-methods": "^6.0.0", "@octokit/request": "^10.0.2", "@octokit/types": "^14.0.0", "universal-user-agent": "^7.0.0" } }, "sha512-TOqId/+am5yk9zor0RGibmlqn4V0h8vzjxlw/wYr3qzkQxl8aBPur384D1EyHtqvfz0syeXji4OUvKkHvxk/Gw=="],

    "@octokit/auth-oauth-user": ["@octokit/auth-oauth-user@6.0.0", "", { "dependencies": { "@octokit/auth-oauth-device": "^8.0.1", "@octokit/oauth-methods": "^6.0.0", "@octokit/request": "^10.0.2", "@octokit/types": "^14.0.0", "universal-user-agent": "^7.0.0" } }, "sha512-GV9IW134PHsLhtUad21WIeP9mlJ+QNpFd6V9vuPWmaiN25HEJeEQUcS4y5oRuqCm9iWDLtfIs+9K8uczBXKr6A=="],

    "@octokit/auth-token": ["@octokit/auth-token@6.0.0", "", {}, "sha512-P4YJBPdPSpWTQ1NU4XYdvHvXJJDxM6YwpS0FZHRgP7YFkdVxsWcpWGy/NVqlAA7PcPCnMacXlRm1y2PFZRWL/w=="],

    "@octokit/auth-unauthenticated": ["@octokit/auth-unauthenticated@7.0.1", "", { "dependencies": { "@octokit/request-error": "^7.0.0", "@octokit/types": "^14.0.0" } }, "sha512-qVq1vdjLLZdE8kH2vDycNNjuJRCD1q2oet1nA/GXWaYlpDxlR7rdVhX/K/oszXslXiQIiqrQf+rdhDlA99JdTQ=="],

    "@octokit/core": ["@octokit/core@7.0.2", "", { "dependencies": { "@octokit/auth-token": "^6.0.0", "@octokit/graphql": "^9.0.1", "@octokit/request": "^10.0.2", "@octokit/request-error": "^7.0.0", "@octokit/types": "^14.0.0", "before-after-hook": "^4.0.0", "universal-user-agent": "^7.0.0" } }, "sha512-ODsoD39Lq6vR6aBgvjTnA3nZGliknKboc9Gtxr7E4WDNqY24MxANKcuDQSF0jzapvGb3KWOEDrKfve4HoWGK+g=="],

    "@octokit/endpoint": ["@octokit/endpoint@11.0.0", "", { "dependencies": { "@octokit/types": "^14.0.0", "universal-user-agent": "^7.0.2" } }, "sha512-hoYicJZaqISMAI3JfaDr1qMNi48OctWuOih1m80bkYow/ayPw6Jj52tqWJ6GEoFTk1gBqfanSoI1iY99Z5+ekQ=="],

    "@octokit/graphql": ["@octokit/graphql@9.0.1", "", { "dependencies": { "@octokit/request": "^10.0.2", "@octokit/types": "^14.0.0", "universal-user-agent": "^7.0.0" } }, "sha512-j1nQNU1ZxNFx2ZtKmL4sMrs4egy5h65OMDmSbVyuCzjOcwsHq6EaYjOTGXPQxgfiN8dJ4CriYHk6zF050WEULg=="],

    "@octokit/oauth-app": ["@octokit/oauth-app@8.0.1", "", { "dependencies": { "@octokit/auth-oauth-app": "^9.0.1", "@octokit/auth-oauth-user": "^6.0.0", "@octokit/auth-unauthenticated": "^7.0.1", "@octokit/core": "^7.0.2", "@octokit/oauth-authorization-url": "^8.0.0", "@octokit/oauth-methods": "^6.0.0", "@types/aws-lambda": "^8.10.83", "universal-user-agent": "^7.0.0" } }, "sha512-QnhMYEQpnYbEPn9cae+wXL2LuPMFglmfeuDJXXsyxIXdoORwkLK8y0cHhd/5du9MbO/zdG/BXixzB7EEwU63eQ=="],

    "@octokit/oauth-authorization-url": ["@octokit/oauth-authorization-url@8.0.0", "", {}, "sha512-7QoLPRh/ssEA/HuHBHdVdSgF8xNLz/Bc5m9fZkArJE5bb6NmVkDm3anKxXPmN1zh6b5WKZPRr3697xKT/yM3qQ=="],

    "@octokit/oauth-methods": ["@octokit/oauth-methods@6.0.0", "", { "dependencies": { "@octokit/oauth-authorization-url": "^8.0.0", "@octokit/request": "^10.0.2", "@octokit/request-error": "^7.0.0", "@octokit/types": "^14.0.0" } }, "sha512-Q8nFIagNLIZgM2odAraelMcDssapc+lF+y3OlcIPxyAU+knefO8KmozGqfnma1xegRDP4z5M73ABsamn72bOcA=="],

    "@octokit/openapi-types": ["@octokit/openapi-types@25.1.0", "", {}, "sha512-idsIggNXUKkk0+BExUn1dQ92sfysJrje03Q0bv0e+KPLrvyqZF8MnBpFz8UNfYDwB3Ie7Z0TByjWfzxt7vseaA=="],

    "@octokit/openapi-webhooks-types": ["@octokit/openapi-webhooks-types@12.0.3", "", {}, "sha512-90MF5LVHjBedwoHyJsgmaFhEN1uzXyBDRLEBe7jlTYx/fEhPAk3P3DAJsfZwC54m8hAIryosJOL+UuZHB3K3yA=="],

    "@octokit/plugin-paginate-graphql": ["@octokit/plugin-paginate-graphql@6.0.0", "", { "peerDependencies": { "@octokit/core": ">=6" } }, "sha512-crfpnIoFiBtRkvPqOyLOsw12XsveYuY2ieP6uYDosoUegBJpSVxGwut9sxUgFFcll3VTOTqpUf8yGd8x1OmAkQ=="],

    "@octokit/plugin-paginate-rest": ["@octokit/plugin-paginate-rest@13.1.1", "", { "dependencies": { "@octokit/types": "^14.1.0" }, "peerDependencies": { "@octokit/core": ">=6" } }, "sha512-q9iQGlZlxAVNRN2jDNskJW/Cafy7/XE52wjZ5TTvyhyOD904Cvx//DNyoO3J/MXJ0ve3rPoNWKEg5iZrisQSuw=="],

    "@octokit/plugin-rest-endpoint-methods": ["@octokit/plugin-rest-endpoint-methods@16.0.0", "", { "dependencies": { "@octokit/types": "^14.1.0" }, "peerDependencies": { "@octokit/core": ">=6" } }, "sha512-kJVUQk6/dx/gRNLWUnAWKFs1kVPn5O5CYZyssyEoNYaFedqZxsfYs7DwI3d67hGz4qOwaJ1dpm07hOAD1BXx6g=="],

    "@octokit/plugin-retry": ["@octokit/plugin-retry@8.0.1", "", { "dependencies": { "@octokit/request-error": "^7.0.0", "@octokit/types": "^14.0.0", "bottleneck": "^2.15.3" }, "peerDependencies": { "@octokit/core": ">=7" } }, "sha512-KUoYR77BjF5O3zcwDQHRRZsUvJwepobeqiSSdCJ8lWt27FZExzb0GgVxrhhfuyF6z2B2zpO0hN5pteni1sqWiw=="],

    "@octokit/plugin-throttling": ["@octokit/plugin-throttling@11.0.1", "", { "dependencies": { "@octokit/types": "^14.0.0", "bottleneck": "^2.15.3" }, "peerDependencies": { "@octokit/core": "^7.0.0" } }, "sha512-S+EVhy52D/272L7up58dr3FNSMXWuNZolkL4zMJBNIfIxyZuUcczsQAU4b5w6dewJXnKYVgSHSV5wxitMSW1kw=="],

    "@octokit/request": ["@octokit/request@10.0.3", "", { "dependencies": { "@octokit/endpoint": "^11.0.0", "@octokit/request-error": "^7.0.0", "@octokit/types": "^14.0.0", "fast-content-type-parse": "^3.0.0", "universal-user-agent": "^7.0.2" } }, "sha512-V6jhKokg35vk098iBqp2FBKunk3kMTXlmq+PtbV9Gl3TfskWlebSofU9uunVKhUN7xl+0+i5vt0TGTG8/p/7HA=="],

    "@octokit/request-error": ["@octokit/request-error@7.0.0", "", { "dependencies": { "@octokit/types": "^14.0.0" } }, "sha512-KRA7VTGdVyJlh0cP5Tf94hTiYVVqmt2f3I6mnimmaVz4UG3gQV/k4mDJlJv3X67iX6rmN7gSHCF8ssqeMnmhZg=="],

    "@octokit/types": ["@octokit/types@14.1.0", "", { "dependencies": { "@octokit/openapi-types": "^25.1.0" } }, "sha512-1y6DgTy8Jomcpu33N+p5w58l6xyt55Ar2I91RPiIA0xCJBXyUAhXCcmZaDWSANiha7R9a6qJJ2CRomGPZ6f46g=="],

    "@octokit/webhooks": ["@octokit/webhooks@14.1.0", "", { "dependencies": { "@octokit/openapi-webhooks-types": "12.0.3", "@octokit/request-error": "^7.0.0", "@octokit/webhooks-methods": "^6.0.0" } }, "sha512-X6zFa01TR6yLvgTepABozuQRAs7sDIr+M+Msk6z9RVH77RW8Lu06Q4FcH1tXVpTXR13BBrmN1Wez7LDofj46UQ=="],

    "@octokit/webhooks-methods": ["@octokit/webhooks-methods@6.0.0", "", {}, "sha512-MFlzzoDJVw/GcbfzVC1RLR36QqkTLUf79vLVO3D+xn7r0QgxnFoLZgtrzxiQErAjFUOdH6fas2KeQJ1yr/qaXQ=="],

    "@sindresorhus/merge-streams": ["@sindresorhus/merge-streams@2.3.0", "", {}, "sha512-LtoMMhxAlorcGhmFYI+LhPgbPZCkgP6ra1YL604EeF6U98pLlQ3iWIGMdWSC+vWmPBWBNgmDBAhnAobLROJmwg=="],

    "@types/aws-lambda": ["@types/aws-lambda@8.10.150", "", {}, "sha512-AX+AbjH/rH5ezX1fbK8onC/a+HyQHo7QGmvoxAE42n22OsciAxvZoZNEr22tbXs8WfP1nIsBjKDpgPm3HjOZbA=="],

    "@types/braces": ["@types/braces@3.0.5", "", {}, "sha512-SQFof9H+LXeWNz8wDe7oN5zu7ket0qwMu5vZubW4GCJ8Kkeh6nBWUz87+KTz/G3Kqsrp0j/W253XJb3KMEeg3w=="],

    "@types/bun": ["@types/bun@1.2.18", "", { "dependencies": { "bun-types": "1.2.18" } }, "sha512-Xf6RaWVheyemaThV0kUfaAUvCNokFr+bH8Jxp+tTZfx7dAPA8z9ePnP9S9+Vspzuxxx9JRAXhnyccRj3GyCMdQ=="],

    "@types/micromatch": ["@types/micromatch@4.0.9", "", { "dependencies": { "@types/braces": "*" } }, "sha512-7V+8ncr22h4UoYRLnLXSpTxjQrNUXtWHGeMPRJt1nULXI57G9bIcpyrHlmrQ7QK24EyyuXvYcSSWAM8GA9nqCg=="],

    "@types/node": ["@types/node@24.0.10", "", { "dependencies": { "undici-types": "~7.8.0" } }, "sha512-ENHwaH+JIRTDIEEbDK6QSQntAYGtbvdDXnMXnZaZ6k13Du1dPMmprkEHIL7ok2Wl2aZevetwTAb5S+7yIF+enA=="],

    "@types/react": ["@types/react@19.1.8", "", { "dependencies": { "csstype": "^3.0.2" } }, "sha512-AwAfQ2Wa5bCx9WP8nZL2uMZWod7J7/JSplxbTmBQ5ms6QpqNYm672H0Vu9ZVKVngQ+ii4R/byguVEUZQyeg44g=="],

    "@types/yargs": ["@types/yargs@17.0.33", "", { "dependencies": { "@types/yargs-parser": "*" } }, "sha512-WpxBCKWPLr4xSsHgz511rFJAM+wS28w2zEO1QDNY5zM/S8ok70NNfztH0xwhqKyaK0OHCbN98LDAZuy1ctxDkA=="],

    "@types/yargs-parser": ["@types/yargs-parser@21.0.3", "", {}, "sha512-I4q9QU9MQv4oEOz4tAHJtNz1cwuLxn2F3xcc2iV5WdqLPpUnj30aUuxt1mAxYTG+oe8CZMV/+6rU4S4gRDzqtQ=="],

    "@willbooster/biome-config": ["@willbooster/biome-config@3.2.0", "", { "peerDependencies": { "@biomejs/biome": ">=2" } }, "sha512-iuQgiqMLRIJnkm/0pAlgU7kvH1+04nIFOvZW1LRxuhTwgXeQ8VCPHEOpRFl2Dx4iNU1dhGZxUDbIZH5x1BjcAg=="],

    "@willbooster/prettier-config": ["@willbooster/prettier-config@10.2.0", "", { "peerDependencies": { "prettier": ">=3", "prettier-plugin-java": ">=2.6" } }, "sha512-ImWWldMbKujMwg4Kt4UzWank+9YIBgXrkGIo3o0EqgB984t7Dk1qiycbXWVdKARz7L4Y+9hyX6MrB6YLnjJARg=="],

    "@willbooster/wb": ["@willbooster/wb@9.0.1", "", { "dependencies": { "chalk": "5.4.1", "dotenv": "17.0.1", "globby": "14.1.0", "kill-port": "2.0.1", "minimal-promise-pool": "5.0.0", "tree-kill": "1.2.2", "yargs": "18.0.0" }, "bin": { "wb": "bin/index.js" } }, "sha512-KGGqE1e8LrDLG3wrHHmBCj3hRKy/5MrjBX/8EA3503dRICEOva1AONPSHWeGKqBndhhlMruAIcs2U2z3fKK0cw=="],

    "ansi-regex": ["ansi-regex@6.1.0", "", {}, "sha512-7HSX4QQb4CspciLpVFwyRe79O3xsIZDDLER21kERQ71oaPodF8jL725AgJMFAYbooIqolJoRLuM81SpeUkpkvA=="],

    "ansi-styles": ["ansi-styles@6.2.1", "", {}, "sha512-bN798gFfQX+viw3R7yrGWRqnrN2oRkEkUjjl4JNn4E8GxxbjtG3FbrEIIY3l8/hrwUwIeCZvi4QuOTP4MErVug=="],

    "before-after-hook": ["before-after-hook@4.0.0", "", {}, "sha512-q6tR3RPqIB1pMiTRMFcZwuG5T8vwp+vUvEG0vuI6B+Rikh5BfPp2fQ82c925FOs+b0lcFQ8CFrL+KbilfZFhOQ=="],

    "bottleneck": ["bottleneck@2.19.5", "", {}, "sha512-VHiNCbI1lKdl44tGrhNfU3lup0Tj/ZBMJB5/2ZbNXRCPuRCO7ed2mgcK4r17y+KB2EfuYuRaVlwNbAeaWGSpbw=="],

    "braces": ["braces@3.0.3", "", { "dependencies": { "fill-range": "^7.1.1" } }, "sha512-yQbXgO/OSZVD2IsiLlro+7Hf6Q18EJrKSEsdoMzKePKXct3gvD8oLcOQdIzGupr5Fj+EDe8gO/lxc1BzfMpxvA=="],

    "bun-types": ["bun-types@1.2.18", "", { "dependencies": { "@types/node": "*" }, "peerDependencies": { "@types/react": "^19" } }, "sha512-04+Eha5NP7Z0A9YgDAzMk5PHR16ZuLVa83b26kH5+cp1qZW4F6FmAURngE7INf4tKOvCE69vYvDEwoNl1tGiWw=="],

    "chalk": ["chalk@5.4.1", "", {}, "sha512-zgVZuo2WcZgfUEmsn6eO3kINexW8RAE4maiQ8QNs8CtpPCSyMiYsULR3HQYkm3w8FIA3SberyMJMSldGsW+U3w=="],

    "chevrotain": ["chevrotain@11.0.3", "", { "dependencies": { "@chevrotain/cst-dts-gen": "11.0.3", "@chevrotain/gast": "11.0.3", "@chevrotain/regexp-to-ast": "11.0.3", "@chevrotain/types": "11.0.3", "@chevrotain/utils": "11.0.3", "lodash-es": "4.17.21" } }, "sha512-ci2iJH6LeIkvP9eJW6gpueU8cnZhv85ELY8w8WiFtNjMHA5ad6pQLaJo9mEly/9qUyCpvqX8/POVUTf18/HFdw=="],

    "chevrotain-allstar": ["chevrotain-allstar@0.3.1", "", { "dependencies": { "lodash-es": "^4.17.21" }, "peerDependencies": { "chevrotain": "^11.0.0" } }, "sha512-b7g+y9A0v4mxCW1qUhf3BSVPg+/NvGErk/dOkrDaHA0nQIQGAtrOjlX//9OQtRlSCy+x9rfB5N8yC71lH1nvMw=="],

    "cliui": ["cliui@9.0.1", "", { "dependencies": { "string-width": "^7.2.0", "strip-ansi": "^7.1.0", "wrap-ansi": "^9.0.0" } }, "sha512-k7ndgKhwoQveBL+/1tqGJYNz097I7WOvwbmmU2AR5+magtbjPWQTS1C5vzGkBC8Ym8UWRzfKUzUUqFLypY4Q+w=="],

    "csstype": ["csstype@3.1.3", "", {}, "sha512-M1uQkMl8rQK/szD0LNhtqxIPLpimGm8sOBwU7lLnCpSbTyY3yeU1Vc7l4KT5zT4s/yOxHH5O7tIuuLOCnLADRw=="],

    "debug": ["debug@4.4.1", "", { "dependencies": { "ms": "^2.1.3" } }, "sha512-KcKCqiftBJcZr++7ykoDIEwSa3XWowTfNPo92BYxjXiyYEVrUQh2aLyhxBCwww+heortUFxEJYcRzosstTEBYQ=="],

    "detect-indent": ["detect-indent@7.0.1", "", {}, "sha512-Mc7QhQ8s+cLrnUfU/Ji94vG/r8M26m8f++vyres4ZoojaRDpZ1eSIh/EpzLNwlWuvzSZ3UbDFspjFvTDXe6e/g=="],

    "detect-newline": ["detect-newline@4.0.1", "", {}, "sha512-qE3Veg1YXzGHQhlA6jzebZN2qVf6NX+A7m7qlhCGG30dJixrAQhYOsJjsnBjJkCSmuOPpCk30145fr8FV0bzog=="],

    "dotenv": ["dotenv@17.1.0", "", {}, "sha512-tG9VUTJTuju6GcXgbdsOuRhupE8cb4mRgY5JLRCh4MtGoVo3/gfGUtOMwmProM6d0ba2mCFvv+WrpYJV6qgJXQ=="],

    "emoji-regex": ["emoji-regex@10.4.0", "", {}, "sha512-EC+0oUMY1Rqm4O6LLrgjtYDvcVYTy7chDnM4Q7030tP4Kwj3u/pR6gP9ygnp2CJMK5Gq+9Q2oqmrFJAz01DXjw=="],

    "escalade": ["escalade@3.2.0", "", {}, "sha512-WUj2qlxaQtO4g6Pq5c29GTcWGDyd8itL8zTlipgECz3JesAiiOKotd8JU6otB3PACgG6xkJUyVhboMS+bje/jA=="],

    "fast-content-type-parse": ["fast-content-type-parse@3.0.0", "", {}, "sha512-ZvLdcY8P+N8mGQJahJV5G4U88CSvT1rP8ApL6uETe88MBXrBHAkZlSEySdUlyztF7ccb+Znos3TFqaepHxdhBg=="],

    "fast-glob": ["fast-glob@3.3.3", "", { "dependencies": { "@nodelib/fs.stat": "^2.0.2", "@nodelib/fs.walk": "^1.2.3", "glob-parent": "^5.1.2", "merge2": "^1.3.0", "micromatch": "^4.0.8" } }, "sha512-7MptL8U0cqcFdzIzwOTHoilX9x5BrNqye7Z/LuC7kCMRio1EMSyqRK3BEAUD7sXRq4iT4AzTVuZdhgQ2TCvYLg=="],

    "fastq": ["fastq@1.19.1", "", { "dependencies": { "reusify": "^1.0.4" } }, "sha512-GwLTyxkCXjXbxqIhTsMI2Nui8huMPtnxg7krajPJAjnEG/iiOS7i+zCtWGZR9G0NBKbXKh6X9m9UIsYX/N6vvQ=="],

    "fdir": ["fdir@6.4.6", "", { "peerDependencies": { "picomatch": "^3 || ^4" }, "optionalPeers": ["picomatch"] }, "sha512-hiFoqpyZcfNm1yc4u8oWCf9A2c4D3QjCrks3zmoVKVxpQRzmPNar1hUJcBG2RQHvEVGDN+Jm81ZheVLAQMK6+w=="],

    "fill-range": ["fill-range@7.1.1", "", { "dependencies": { "to-regex-range": "^5.0.1" } }, "sha512-YsGpe3WHLK8ZYi4tWDg2Jy3ebRz2rXowDxnld4bkQB00cc/1Zw9AWnC0i9ztDJitivtQvaI9KaLyKrc+hBW0yg=="],

    "get-caller-file": ["get-caller-file@2.0.5", "", {}, "sha512-DyFP3BM/3YHTQOCUL/w0OZHR0lpKeGrxotcHWcqNEdnltqFwXVfhEBQ94eIo34AfQpo0rGki4cyIiftY06h2Fg=="],

    "get-east-asian-width": ["get-east-asian-width@1.3.0", "", {}, "sha512-vpeMIQKxczTD/0s2CdEWHcb0eeJe6TFjxb+J5xgX7hScxqrGuyjmv4c1D4A/gelKfyox0gJJwIHF+fLjeaM8kQ=="],

    "get-them-args": ["get-them-args@1.3.2", "", {}, "sha512-LRn8Jlk+DwZE4GTlDbT3Hikd1wSHgLMme/+7ddlqKd7ldwR6LjJgTVWzBnR01wnYGe4KgrXjg287RaI22UHmAw=="],

    "git-hooks-list": ["git-hooks-list@4.1.1", "", {}, "sha512-cmP497iLq54AZnv4YRAEMnEyQ1eIn4tGKbmswqwmFV4GBnAqE8NLtWxxdXa++AalfgL5EBH4IxTPyquEuGY/jA=="],

    "glob-parent": ["glob-parent@5.1.2", "", { "dependencies": { "is-glob": "^4.0.1" } }, "sha512-AOIgSQCepiJYwP3ARnGx+5VnTu2HBYdzbGP45eLw1vr3zB3vZLeyed1sC9hnbcOc9/SrMyM5RPQrkGz4aS9Zow=="],

    "globby": ["globby@14.1.0", "", { "dependencies": { "@sindresorhus/merge-streams": "^2.1.0", "fast-glob": "^3.3.3", "ignore": "^7.0.3", "path-type": "^6.0.0", "slash": "^5.1.0", "unicorn-magic": "^0.3.0" } }, "sha512-0Ia46fDOaT7k4og1PDW4YbodWWr3scS2vAr2lTbsplOt2WkKp0vQbkI9wKis/T5LV/dqPjO3bpS/z6GTJB82LA=="],

    "ignore": ["ignore@7.0.5", "", {}, "sha512-Hs59xBNfUIunMFgWAbGX5cq6893IbWg4KnrjbYwX3tx0ztorVgTDA6B2sxf8ejHJ4wz8BqGUMYlnzNBer5NvGg=="],

    "is-extglob": ["is-extglob@2.1.1", "", {}, "sha512-SbKbANkN603Vi4jEZv49LeVJMn4yGwsbzZworEoyEiutsN3nJYdbO36zfhGJ6QEDpOZIFkDtnq5JRxmvl3jsoQ=="],

    "is-glob": ["is-glob@4.0.3", "", { "dependencies": { "is-extglob": "^2.1.1" } }, "sha512-xelSayHH36ZgE7ZWhli7pW34hNbNl8Ojv5KVmkJD4hBdD3th8Tfk9vYasLM+mXWOZhFkgZfxhLSnrwRr4elSSg=="],

    "is-number": ["is-number@7.0.0", "", {}, "sha512-41Cifkg6e8TylSpdtTpeLVMqvSBEVzTttHvERD741+pnZ8ANv0004MRL43QKPDlK9cGvNp6NZWZUBlbGXYxxng=="],

    "is-plain-obj": ["is-plain-obj@4.1.0", "", {}, "sha512-+Pgi+vMuUNkJyExiMBt5IlFoMyKnr5zhJ4Uspz58WOhBF5QoIZkFyNHIbBAtHwzVAgk5RtndVNsDRN61/mmDqg=="],

    "java-parser": ["java-parser@3.0.1", "", { "dependencies": { "chevrotain": "11.0.3", "chevrotain-allstar": "0.3.1", "lodash": "4.17.21" } }, "sha512-sDIR7u9b7O2JViNUxiZRhnRz7URII/eE7g2B+BmGxDeS6Ex3OYAcCyz5oh0H4LQ+hL/BS8OJTz8apMy9xtGmrQ=="],

    "kill-port": ["kill-port@2.0.1", "", { "dependencies": { "get-them-args": "1.3.2", "shell-exec": "1.0.2" }, "bin": { "kill-port": "cli.js" } }, "sha512-e0SVOV5jFo0mx8r7bS29maVWp17qGqLBZ5ricNSajON6//kmb7qqqNnml4twNE8Dtj97UQD+gNFOaipS/q1zzQ=="],

    "lefthook": ["lefthook@1.12.0", "", { "optionalDependencies": { "lefthook-darwin-arm64": "1.12.0", "lefthook-darwin-x64": "1.12.0", "lefthook-freebsd-arm64": "1.12.0", "lefthook-freebsd-x64": "1.12.0", "lefthook-linux-arm64": "1.12.0", "lefthook-linux-x64": "1.12.0", "lefthook-openbsd-arm64": "1.12.0", "lefthook-openbsd-x64": "1.12.0", "lefthook-windows-arm64": "1.12.0", "lefthook-windows-x64": "1.12.0" }, "bin": { "lefthook": "bin/index.js" } }, "sha512-+lJSdsNcKzxv4TcIcXrd21lBXI7wrVXZ080wiJzz4sHz52KyKVPfALDPMm7+VWBtATpnCtHQe2ZPQwiBmy6VRw=="],

    "lefthook-darwin-arm64": ["lefthook-darwin-arm64@1.12.0", "", { "os": "darwin", "cpu": "arm64" }, "sha512-XMwneWj+Ux/6lI+T8ZmXwPkPS9b2n9DgMcjR4kNDTzPClBTNjKngQkh/SOzOKV/w//fkkQCdfCRMvV9f9FLS3A=="],

    "lefthook-darwin-x64": ["lefthook-darwin-x64@1.12.0", "", { "os": "darwin", "cpu": "x64" }, "sha512-juGzUr41z8y8zhLhZhvqN9WeqHPoovFTymGg3gmj0bkrYj2V+dSRtl+nbbz5EZTeK2T32BvrYINQJjV9rmnjwg=="],

    "lefthook-freebsd-arm64": ["lefthook-freebsd-arm64@1.12.0", "", { "os": "freebsd", "cpu": "arm64" }, "sha512-2YUGdslUhzjpHLmXeOX8xhuZkYokotIMjnhN198Vly0aC+kq6ognRnUjBHOSjlIf1i9gAU7sV81yEuofNYv8Mw=="],

    "lefthook-freebsd-x64": ["lefthook-freebsd-x64@1.12.0", "", { "os": "freebsd", "cpu": "x64" }, "sha512-zzPu+6oD4oEh+oS0ayChlb+Y6i5momSM8gBcJKNmuze0xdFt3O4Z104ogXznRGh8bFgrPmtJgeLpwemfG/5fKg=="],

    "lefthook-linux-arm64": ["lefthook-linux-arm64@1.12.0", "", { "os": "linux", "cpu": "arm64" }, "sha512-oMFkBZS7ax/upTFXfnSrqkiiwPtn1rp6vIEQhjWTxQnNcjd8dbZSlVUcpn0yolSpVAnPSKN+2pbLZEonD24YEw=="],

    "lefthook-linux-x64": ["lefthook-linux-x64@1.12.0", "", { "os": "linux", "cpu": "x64" }, "sha512-IKPJcu14FjvefaXC4VZ9NSxZicVoTGZ86OlqiYvT+1hov850YEyusIEo/J8fEzZzQ2F16tQ24iqzrOLtXpp1gQ=="],

    "lefthook-openbsd-arm64": ["lefthook-openbsd-arm64@1.12.0", "", { "os": "openbsd", "cpu": "arm64" }, "sha512-pZWid2jTvBgKEHJEKr6bAR9dXXTpA+2XKtxRFSLoI0KXDI9BH8KxH50zO6Y83siB96YygHlsjWbSsObIYC8Tgw=="],

    "lefthook-openbsd-x64": ["lefthook-openbsd-x64@1.12.0", "", { "os": "openbsd", "cpu": "x64" }, "sha512-gHHqgcuJHzWThnhUUFxk8lm2pSL0z/xGHgZakmBct5vzItfEmXFmlnKHFbWbam4fvNIWKGFKAVCWH3O7x0IQVA=="],

    "lefthook-windows-arm64": ["lefthook-windows-arm64@1.12.0", "", { "os": "win32", "cpu": "arm64" }, "sha512-SXbD5zCCpMSorgr14h4IzgFfBkxJsvso15VTFy1YrIAaM3jhrjlinm/Zk5gBZi82D8J+JbAlbhWC4Z93ombgoA=="],

    "lefthook-windows-x64": ["lefthook-windows-x64@1.12.0", "", { "os": "win32", "cpu": "x64" }, "sha512-cUOpmq8qJMhrOTqAXklsSbSaIxABVPBcENOD84N/pyqQpCdR3LAxIcq5cHLLap6ek8zPYwvFeBe1hVQC/X/xvQ=="],

    "lodash": ["lodash@4.17.21", "", {}, "sha512-v2kDEe57lecTulaDIuNTPy3Ry4gLGJ6Z1O3vE1krgXZNrsQ+LFTGHVxVjcXPs17LhbZVGedAJv8XZ1tvj5FvSg=="],

    "lodash-es": ["lodash-es@4.17.21", "", {}, "sha512-mKnC+QJ9pWVzv+C4/U3rRsHapFfHvQFoFB92e52xeyGMcX6/OlIl78je1u8vePzYZSkkogMPJ2yjxxsb89cxyw=="],

    "merge2": ["merge2@1.4.1", "", {}, "sha512-8q7VEgMJW4J8tcfVPy8g09NcQwZdbwFEqhe/WZkoIzjn/3TGDwtOCYtXGxA3O8tPzpczCCDgv+P2P5y00ZJOOg=="],

    "micromatch": ["micromatch@4.0.8", "", { "dependencies": { "braces": "^3.0.3", "picomatch": "^2.3.1" } }, "sha512-PXwfBhYu0hBCPw8Dn0E+WDYb7af3dSLVWKi3HGv84IdF4TyFoC0ysxFd0Goxw7nSv4T/PzEJQxsYsEiFCKo2BA=="],

    "minimal-promise-pool": ["minimal-promise-pool@5.0.0", "", {}, "sha512-NRPQLEjEVCm6vWn1HA7zhYPLHkMtMYKQPqDU8qXwGznVKGtPoIUcmnYcAfyx/LiCHtn1V33ZuVqrsSE4+9iRGg=="],

    "ms": ["ms@2.1.3", "", {}, "sha512-6FlzubTLZG3J2a/NVCAleEhjzq5oxgHyaCU9yYXvcLsvoVaHJq/s5xXI6/XXP6tz7R9xAOtHnSO/tXtF3WRTlA=="],

    "octokit": ["octokit@5.0.3", "", { "dependencies": { "@octokit/app": "^16.0.1", "@octokit/core": "^7.0.2", "@octokit/oauth-app": "^8.0.1", "@octokit/plugin-paginate-graphql": "^6.0.0", "@octokit/plugin-paginate-rest": "^13.0.0", "@octokit/plugin-rest-endpoint-methods": "^16.0.0", "@octokit/plugin-retry": "^8.0.1", "@octokit/plugin-throttling": "^11.0.1", "@octokit/request-error": "^7.0.0", "@octokit/types": "^14.0.0", "@octokit/webhooks": "^14.0.0" } }, "sha512-+bwYsAIRmYv30NTmBysPIlgH23ekVDriB07oRxlPIAH5PI0yTMSxg5i5Xy0OetcnZw+nk/caD4szD7a9YZ3QyQ=="],

    "path-type": ["path-type@6.0.0", "", {}, "sha512-Vj7sf++t5pBD637NSfkxpHSMfWaeig5+DKWLhcqIYx6mWQz5hdJTGDVMQiJcw1ZYkhs7AazKDGpRVji1LJCZUQ=="],

    "picomatch": ["picomatch@2.3.1", "", {}, "sha512-JU3teHTNjmE2VCGFzuY8EXzCDVwEqB2a8fsIvwaStHhAWJEeVd1o1QD80CU6+ZdEXXSLbSsuLwJjkCBWqRQUVA=="],

    "prettier": ["prettier@3.6.2", "", { "bin": { "prettier": "bin/prettier.cjs" } }, "sha512-I7AIg5boAr5R0FFtJ6rCfD+LFsWHp81dolrFD8S79U9tb8Az2nGrJncnMSnys+bpQJfRUzqs9hnA81OAA3hCuQ=="],

    "prettier-plugin-java": ["prettier-plugin-java@2.7.1", "", { "dependencies": { "java-parser": "3.0.1" }, "peerDependencies": { "prettier": "^3.0.0" } }, "sha512-e03KWvC05b3L20t+i/iPlqyivH4WSBK5XQC4buwdfz+xQVyMZzG0zRIz1Tl1wPU/m94HDiZVdldu2y+XKCf3DQ=="],

    "queue-microtask": ["queue-microtask@1.2.3", "", {}, "sha512-NuaNSa6flKT5JaSYQzJok04JzTL1CA6aGhv5rfLW3PgqA+M2ChpZQnAC8h8i4ZFkBS8X5RqkDBHA7r4hej3K9A=="],

    "reusify": ["reusify@1.1.0", "", {}, "sha512-g6QUff04oZpHs0eG5p83rFLhHeV00ug/Yf9nZM6fLeUrPguBTkTQOdpAWWspMh55TZfVQDPaN3NQJfbVRAxdIw=="],

    "run-parallel": ["run-parallel@1.2.0", "", { "dependencies": { "queue-microtask": "^1.2.2" } }, "sha512-5l4VyZR86LZ/lDxZTR6jqL8AFE2S0IFLMP26AbjsLVADxHdhB/c0GUsH+y39UfCi3dzz8OlQuPmnaJOMoDHQBA=="],

    "semver": ["semver@7.7.2", "", { "bin": { "semver": "bin/semver.js" } }, "sha512-RF0Fw+rO5AMf9MAyaRXI4AV0Ulj5lMHqVxxdSgiVbixSCXoEmmX/jk0CuJw4+3SqroYO9VoUh+HcuJivvtJemA=="],

    "shell-exec": ["shell-exec@1.0.2", "", {}, "sha512-jyVd+kU2X+mWKMmGhx4fpWbPsjvD53k9ivqetutVW/BQ+WIZoDoP4d8vUMGezV6saZsiNoW2f9GIhg9Dondohg=="],

    "simple-git": ["simple-git@3.28.0", "", { "dependencies": { "@kwsites/file-exists": "^1.1.1", "@kwsites/promise-deferred": "^1.1.1", "debug": "^4.4.0" } }, "sha512-Rs/vQRwsn1ILH1oBUy8NucJlXmnnLeLCfcvbSehkPzbv3wwoFWIdtfd6Ndo6ZPhlPsCZ60CPI4rxurnwAa+a2w=="],

    "slash": ["slash@5.1.0", "", {}, "sha512-ZA6oR3T/pEyuqwMgAKT0/hAv8oAXckzbkmR0UkUosQ+Mc4RxGoJkRmwHgHufaenlyAgE1Mxgpdcrf75y6XcnDg=="],

    "sort-object-keys": ["sort-object-keys@1.1.3", "", {}, "sha512-855pvK+VkU7PaKYPc+Jjnmt4EzejQHyhhF33q31qG8x7maDzkeFhAAThdCYay11CISO+qAMwjOBP+fPZe0IPyg=="],

    "sort-package-json": ["sort-package-json@3.4.0", "", { "dependencies": { "detect-indent": "^7.0.1", "detect-newline": "^4.0.1", "git-hooks-list": "^4.0.0", "is-plain-obj": "^4.1.0", "semver": "^7.7.1", "sort-object-keys": "^1.1.3", "tinyglobby": "^0.2.12" }, "bin": { "sort-package-json": "cli.js" } }, "sha512-97oFRRMM2/Js4oEA9LJhjyMlde+2ewpZQf53pgue27UkbEXfHJnDzHlUxQ/DWUkzqmp7DFwJp8D+wi/TYeQhpA=="],

    "string-width": ["string-width@7.2.0", "", { "dependencies": { "emoji-regex": "^10.3.0", "get-east-asian-width": "^1.0.0", "strip-ansi": "^7.1.0" } }, "sha512-tsaTIkKW9b4N+AEj+SVA+WhJzV7/zMhcSu78mLKWSk7cXMOSHsBKFWUs0fWwq8QyK3MgJBQRX6Gbi4kYbdvGkQ=="],

    "strip-ansi": ["strip-ansi@7.1.0", "", { "dependencies": { "ansi-regex": "^6.0.1" } }, "sha512-iq6eVVI64nQQTRYq2KtEg2d2uU7LElhTJwsH4YzIHZshxlgZms/wIc4VoDQTlG/IvVIrBKG06CrZnp0qv7hkcQ=="],

    "tinyglobby": ["tinyglobby@0.2.14", "", { "dependencies": { "fdir": "^6.4.4", "picomatch": "^4.0.2" } }, "sha512-tX5e7OM1HnYr2+a2C/4V0htOcSQcoSTH9KgJnVvNm5zm/cyEWKJ7j7YutsH9CxMdtOkkLFy2AHrMci9IM8IPZQ=="],

    "to-regex-range": ["to-regex-range@5.0.1", "", { "dependencies": { "is-number": "^7.0.0" } }, "sha512-65P7iz6X5yEr1cwcgvQxbbIw7Uk3gOy5dIdtZ4rDveLqhrdJP+Li/Hx6tyK0NEb+2GCyneCMJiGqrADCSNk8sQ=="],

    "toad-cache": ["toad-cache@3.7.0", "", {}, "sha512-/m8M+2BJUpoJdgAHoG+baCwBT+tf2VraSfkBgl0Y00qIWt41DJ8R5B8nsEw0I58YwF5IZH6z24/2TobDKnqSWw=="],

    "tree-kill": ["tree-kill@1.2.2", "", { "bin": { "tree-kill": "cli.js" } }, "sha512-L0Orpi8qGpRG//Nd+H90vFB+3iHnue1zSSGmNOOCh1GLJ7rUKVwV2HvijphGQS2UmhUZewS9VgvxYIdgr+fG1A=="],

    "typescript": ["typescript@5.8.3", "", { "bin": { "tsc": "bin/tsc", "tsserver": "bin/tsserver" } }, "sha512-p1diW6TqL9L07nNxvRMM7hMMw4c5XOo/1ibL4aAIGmSAt9slTE1Xgw5KWuof2uTOvCg9BY7ZRi+GaF+7sfgPeQ=="],

    "undici-types": ["undici-types@7.8.0", "", {}, "sha512-9UJ2xGDvQ43tYyVMpuHlsgApydB8ZKfVYTsLDhXkFL/6gfkp+U8xTGdh8pMJv1SpZna0zxG1DwsKZsreLbXBxw=="],

    "unicorn-magic": ["unicorn-magic@0.3.0", "", {}, "sha512-+QBBXBCvifc56fsbuxZQ6Sic3wqqc3WWaqxs58gvJrcOuN83HGTCwz3oS5phzU9LthRNE9VrJCFCLUgHeeFnfA=="],

    "universal-github-app-jwt": ["universal-github-app-jwt@2.2.2", "", {}, "sha512-dcmbeSrOdTnsjGjUfAlqNDJrhxXizjAz94ija9Qw8YkZ1uu0d+GoZzyH+Jb9tIIqvGsadUfwg+22k5aDqqwzbw=="],

    "universal-user-agent": ["universal-user-agent@7.0.3", "", {}, "sha512-TmnEAEAsBJVZM/AADELsK76llnwcf9vMKuPz8JflO1frO8Lchitr0fNaN9d+Ap0BjKtqWqd/J17qeDnXh8CL2A=="],

    "wrap-ansi": ["wrap-ansi@9.0.0", "", { "dependencies": { "ansi-styles": "^6.2.1", "string-width": "^7.0.0", "strip-ansi": "^7.1.0" } }, "sha512-G8ura3S+3Z2G+mkgNRq8dqaFZAuxfsxpBB8OCTGRTCtp+l/v9nbFNmCUP1BZMts3G1142MsZfn6eeUKrr4PD1Q=="],

    "y18n": ["y18n@5.0.8", "", {}, "sha512-0pfFzegeDWJHJIAmTLRP2DwHjdF5s7jo9tuztdQxAhINCdvS+3nGINqPd00AphqJR/0LhANUS6/+7SCb98YOfA=="],

    "yargs": ["yargs@18.0.0", "", { "dependencies": { "cliui": "^9.0.1", "escalade": "^3.1.1", "get-caller-file": "^2.0.5", "string-width": "^7.2.0", "y18n": "^5.0.5", "yargs-parser": "^22.0.0" } }, "sha512-4UEqdc2RYGHZc7Doyqkrqiln3p9X2DZVxaGbwhn2pi7MrRagKaOcIKe8L3OxYcbhXLgLFUS3zAYuQjKBQgmuNg=="],

    "yargs-parser": ["yargs-parser@22.0.0", "", {}, "sha512-rwu/ClNdSMpkSrUb+d6BRsSkLUq1fmfsY6TOpYzTwvwkg1/NRG85KBy3kq++A8LKQwX6lsu+aWad+2khvuXrqw=="],

    "@willbooster/wb/dotenv": ["dotenv@17.0.1", "", {}, "sha512-GLjkduuAL7IMJg/ZnOPm9AnWKJ82mSE2tzXLaJ/6hD6DhwGfZaXG77oB8qbReyiczNxnbxQKyh0OE5mXq0bAHA=="],

    "fdir/picomatch": ["picomatch@4.0.2", "", {}, "sha512-M7BAV6Rlcy5u+m6oPhAPFgJTzAioX/6B0DxyvDlo9l8+T3nLKbrczg2WLUyzd45L8RqfUMyGPzekbMvX2Ldkwg=="],

    "tinyglobby/picomatch": ["picomatch@4.0.2", "", {}, "sha512-M7BAV6Rlcy5u+m6oPhAPFgJTzAioX/6B0DxyvDlo9l8+T3nLKbrczg2WLUyzd45L8RqfUMyGPzekbMvX2Ldkwg=="],
  }
}
