# THIS IS AN AUTOGENERATED FILE. DO NOT EDIT THIS FILE DIRECTLY.
# yarn lockfile v1


"@biomejs/biome@>=2", "@biomejs/biome@2.0.6":
  version "2.0.6"
  resolved "https://registry.npmjs.org/@biomejs/biome/-/biome-2.0.6.tgz"
  integrity sha512-RRP+9cdh5qwe2t0gORwXaa27oTOiQRQvrFf49x2PA1tnpsyU7FIHX4ZOFMtBC4QNtyWsN7Dqkf5EDbg4X+9iqA==
  optionalDependencies:
    "@biomejs/cli-darwin-arm64" "2.0.6"
    "@biomejs/cli-darwin-x64" "2.0.6"
    "@biomejs/cli-linux-arm64" "2.0.6"
    "@biomejs/cli-linux-arm64-musl" "2.0.6"
    "@biomejs/cli-linux-x64" "2.0.6"
    "@biomejs/cli-linux-x64-musl" "2.0.6"
    "@biomejs/cli-win32-arm64" "2.0.6"
    "@biomejs/cli-win32-x64" "2.0.6"

"@biomejs/cli-linux-x64-musl@2.0.6":
  version "2.0.6"
  resolved "https://registry.npmjs.org/@biomejs/cli-linux-x64-musl/-/cli-linux-x64-musl-2.0.6.tgz"
  integrity sha512-mKHE/e954hR/hSnAcJSjkf4xGqZc/53Kh39HVW1EgO5iFi0JutTN07TSjEMg616julRtfSNJi0KNyxvc30Y4rQ==

"@biomejs/cli-linux-x64@2.0.6":
  version "2.0.6"
  resolved "https://registry.npmjs.org/@biomejs/cli-linux-x64/-/cli-linux-x64-2.0.6.tgz"
  integrity sha512-geM1MkHTV1Kh2Cs/Xzot9BOF3WBacihw6bkEmxkz4nSga8B9/hWy5BDiOG3gHDGIBa8WxT0nzsJs2f/hPqQIQw==

"@chevrotain/cst-dts-gen@11.0.3":
  version "11.0.3"
  resolved "https://registry.npmjs.org/@chevrotain/cst-dts-gen/-/cst-dts-gen-11.0.3.tgz"
  integrity sha512-BvIKpRLeS/8UbfxXxgC33xOumsacaeCKAjAeLyOn7Pcp95HiRbrpl14S+9vaZLolnbssPIUuiUd8IvgkRyt6NQ==
  dependencies:
    "@chevrotain/gast" "11.0.3"
    "@chevrotain/types" "11.0.3"
    lodash-es "4.17.21"

"@chevrotain/gast@11.0.3":
  version "11.0.3"
  resolved "https://registry.npmjs.org/@chevrotain/gast/-/gast-11.0.3.tgz"
  integrity sha512-+qNfcoNk70PyS/uxmj3li5NiECO+2YKZZQMbmjTqRI3Qchu8Hig/Q9vgkHpI3alNjr7M+a2St5pw5w5F6NL5/Q==
  dependencies:
    "@chevrotain/types" "11.0.3"
    lodash-es "4.17.21"

"@chevrotain/regexp-to-ast@11.0.3":
  version "11.0.3"
  resolved "https://registry.npmjs.org/@chevrotain/regexp-to-ast/-/regexp-to-ast-11.0.3.tgz"
  integrity sha512-1fMHaBZxLFvWI067AVbGJav1eRY7N8DDvYCTwGBiE/ytKBgP8azTdgyrKyWZ9Mfh09eHWb5PgTSO8wi7U824RA==

"@chevrotain/types@11.0.3":
  version "11.0.3"
  resolved "https://registry.npmjs.org/@chevrotain/types/-/types-11.0.3.tgz"
  integrity sha512-gsiM3G8b58kZC2HaWR50gu6Y1440cHiJ+i3JUvcp/35JchYejb2+5MVeJK0iKThYpAa/P2PYFV4hoi44HD+aHQ==

"@chevrotain/utils@11.0.3":
  version "11.0.3"
  resolved "https://registry.npmjs.org/@chevrotain/utils/-/utils-11.0.3.tgz"
  integrity sha512-YslZMgtJUyuMbZ+aKvfF3x1f5liK4mWNxghFRv7jqRR9C3R3fAOGTTKvxXDa2Y1s9zSbcpuO0cAxDYsc9SrXoQ==

"@nodelib/fs.scandir@2.1.5":
  version "2.1.5"
  resolved "https://registry.npmjs.org/@nodelib/fs.scandir/-/fs.scandir-2.1.5.tgz"
  integrity sha512-vq24Bq3ym5HEQm2NKCr3yXDwjc7vTsEThRDnkp2DK9p1uqLR+DHurm/NOTo0KG7HYHU7eppKZj3MyqYuMBf62g==
  dependencies:
    "@nodelib/fs.stat" "2.0.5"
    run-parallel "^1.1.9"

"@nodelib/fs.stat@^2.0.2", "@nodelib/fs.stat@2.0.5":
  version "2.0.5"
  resolved "https://registry.npmjs.org/@nodelib/fs.stat/-/fs.stat-2.0.5.tgz"
  integrity sha512-RkhPPp2zrqDAQA/2jNhnztcPAlv64XdhIp7a7454A5ovI7Bukxgt7MX7udwAu3zg1DcpPU0rz3VV1SeaqvY4+A==

"@nodelib/fs.walk@^1.2.3":
  version "1.2.8"
  resolved "https://registry.npmjs.org/@nodelib/fs.walk/-/fs.walk-1.2.8.tgz"
  integrity sha512-oGB+UxlgWcgQkgwo8GcEGwemoTFt3FIO9ababBmaGwXIoBKZ+GTy0pP185beGg7Llih/NSHSV2XAs1lnznocSg==
  dependencies:
    "@nodelib/fs.scandir" "2.1.5"
    fastq "^1.6.0"

"@sindresorhus/merge-streams@^2.1.0":
  version "2.3.0"
  resolved "https://registry.npmjs.org/@sindresorhus/merge-streams/-/merge-streams-2.3.0.tgz"
  integrity sha512-LtoMMhxAlorcGhmFYI+LhPgbPZCkgP6ra1YL604EeF6U98pLlQ3iWIGMdWSC+vWmPBWBNgmDBAhnAobLROJmwg==

"@types/bun@1.2.18":
  version "1.2.18"
  resolved "https://registry.npmjs.org/@types/bun/-/bun-1.2.18.tgz"
  integrity sha512-Xf6RaWVheyemaThV0kUfaAUvCNokFr+bH8Jxp+tTZfx7dAPA8z9ePnP9S9+Vspzuxxx9JRAXhnyccRj3GyCMdQ==
  dependencies:
    bun-types "1.2.18"

"@types/node@*":
  version "24.0.10"
  resolved "https://registry.npmjs.org/@types/node/-/node-24.0.10.tgz"
  integrity sha512-ENHwaH+JIRTDIEEbDK6QSQntAYGtbvdDXnMXnZaZ6k13Du1dPMmprkEHIL7ok2Wl2aZevetwTAb5S+7yIF+enA==
  dependencies:
    undici-types "~7.8.0"

"@types/react@^19":
  version "19.1.8"
  resolved "https://registry.npmjs.org/@types/react/-/react-19.1.8.tgz"
  integrity sha512-AwAfQ2Wa5bCx9WP8nZL2uMZWod7J7/JSplxbTmBQ5ms6QpqNYm672H0Vu9ZVKVngQ+ii4R/byguVEUZQyeg44g==
  dependencies:
    csstype "^3.0.2"

"@willbooster/biome-config@3.2.0":
  version "3.2.0"
  resolved "https://registry.npmjs.org/@willbooster/biome-config/-/biome-config-3.2.0.tgz"
  integrity sha512-iuQgiqMLRIJnkm/0pAlgU7kvH1+04nIFOvZW1LRxuhTwgXeQ8VCPHEOpRFl2Dx4iNU1dhGZxUDbIZH5x1BjcAg==

"@willbooster/prettier-config@10.2.0":
  version "10.2.0"
  resolved "https://registry.npmjs.org/@willbooster/prettier-config/-/prettier-config-10.2.0.tgz"
  integrity sha512-ImWWldMbKujMwg4Kt4UzWank+9YIBgXrkGIo3o0EqgB984t7Dk1qiycbXWVdKARz7L4Y+9hyX6MrB6YLnjJARg==

"@willbooster/wb@9.0.1":
  version "9.0.1"
  resolved "https://registry.npmjs.org/@willbooster/wb/-/wb-9.0.1.tgz"
  integrity sha512-KGGqE1e8LrDLG3wrHHmBCj3hRKy/5MrjBX/8EA3503dRICEOva1AONPSHWeGKqBndhhlMruAIcs2U2z3fKK0cw==
  dependencies:
    chalk "5.4.1"
    dotenv "17.0.1"
    globby "14.1.0"
    kill-port "2.0.1"
    minimal-promise-pool "5.0.0"
    tree-kill "1.2.2"
    yargs "18.0.0"

ansi-regex@^6.0.1:
  version "6.1.0"
  resolved "https://registry.npmjs.org/ansi-regex/-/ansi-regex-6.1.0.tgz"
  integrity sha512-7HSX4QQb4CspciLpVFwyRe79O3xsIZDDLER21kERQ71oaPodF8jL725AgJMFAYbooIqolJoRLuM81SpeUkpkvA==

ansi-styles@^6.2.1:
  version "6.2.1"
  resolved "https://registry.npmjs.org/ansi-styles/-/ansi-styles-6.2.1.tgz"
  integrity sha512-bN798gFfQX+viw3R7yrGWRqnrN2oRkEkUjjl4JNn4E8GxxbjtG3FbrEIIY3l8/hrwUwIeCZvi4QuOTP4MErVug==

braces@^3.0.3:
  version "3.0.3"
  resolved "https://registry.npmjs.org/braces/-/braces-3.0.3.tgz"
  integrity sha512-yQbXgO/OSZVD2IsiLlro+7Hf6Q18EJrKSEsdoMzKePKXct3gvD8oLcOQdIzGupr5Fj+EDe8gO/lxc1BzfMpxvA==
  dependencies:
    fill-range "^7.1.1"

bun-types@1.2.18:
  version "1.2.18"
  resolved "https://registry.npmjs.org/bun-types/-/bun-types-1.2.18.tgz"
  integrity sha512-04+Eha5NP7Z0A9YgDAzMk5PHR16ZuLVa83b26kH5+cp1qZW4F6FmAURngE7INf4tKOvCE69vYvDEwoNl1tGiWw==
  dependencies:
    "@types/node" "*"

chalk@5.4.1:
  version "5.4.1"
  resolved "https://registry.npmjs.org/chalk/-/chalk-5.4.1.tgz"
  integrity sha512-zgVZuo2WcZgfUEmsn6eO3kINexW8RAE4maiQ8QNs8CtpPCSyMiYsULR3HQYkm3w8FIA3SberyMJMSldGsW+U3w==

chevrotain-allstar@0.3.1:
  version "0.3.1"
  resolved "https://registry.npmjs.org/chevrotain-allstar/-/chevrotain-allstar-0.3.1.tgz"
  integrity sha512-b7g+y9A0v4mxCW1qUhf3BSVPg+/NvGErk/dOkrDaHA0nQIQGAtrOjlX//9OQtRlSCy+x9rfB5N8yC71lH1nvMw==
  dependencies:
    lodash-es "^4.17.21"

chevrotain@^11.0.0, chevrotain@11.0.3:
  version "11.0.3"
  resolved "https://registry.npmjs.org/chevrotain/-/chevrotain-11.0.3.tgz"
  integrity sha512-ci2iJH6LeIkvP9eJW6gpueU8cnZhv85ELY8w8WiFtNjMHA5ad6pQLaJo9mEly/9qUyCpvqX8/POVUTf18/HFdw==
  dependencies:
    "@chevrotain/cst-dts-gen" "11.0.3"
    "@chevrotain/gast" "11.0.3"
    "@chevrotain/regexp-to-ast" "11.0.3"
    "@chevrotain/types" "11.0.3"
    "@chevrotain/utils" "11.0.3"
    lodash-es "4.17.21"

cliui@^9.0.1:
  version "9.0.1"
  resolved "https://registry.npmjs.org/cliui/-/cliui-9.0.1.tgz"
  integrity sha512-k7ndgKhwoQveBL+/1tqGJYNz097I7WOvwbmmU2AR5+magtbjPWQTS1C5vzGkBC8Ym8UWRzfKUzUUqFLypY4Q+w==
  dependencies:
    string-width "^7.2.0"
    strip-ansi "^7.1.0"
    wrap-ansi "^9.0.0"

csstype@^3.0.2:
  version "3.1.3"
  resolved "https://registry.npmjs.org/csstype/-/csstype-3.1.3.tgz"
  integrity sha512-M1uQkMl8rQK/szD0LNhtqxIPLpimGm8sOBwU7lLnCpSbTyY3yeU1Vc7l4KT5zT4s/yOxHH5O7tIuuLOCnLADRw==

detect-indent@^7.0.1:
  version "7.0.1"
  resolved "https://registry.npmjs.org/detect-indent/-/detect-indent-7.0.1.tgz"
  integrity sha512-Mc7QhQ8s+cLrnUfU/Ji94vG/r8M26m8f++vyres4ZoojaRDpZ1eSIh/EpzLNwlWuvzSZ3UbDFspjFvTDXe6e/g==

detect-newline@^4.0.1:
  version "4.0.1"
  resolved "https://registry.npmjs.org/detect-newline/-/detect-newline-4.0.1.tgz"
  integrity sha512-qE3Veg1YXzGHQhlA6jzebZN2qVf6NX+A7m7qlhCGG30dJixrAQhYOsJjsnBjJkCSmuOPpCk30145fr8FV0bzog==

dotenv@17.0.1:
  version "17.0.1"
  resolved "https://registry.npmjs.org/dotenv/-/dotenv-17.0.1.tgz"
  integrity sha512-GLjkduuAL7IMJg/ZnOPm9AnWKJ82mSE2tzXLaJ/6hD6DhwGfZaXG77oB8qbReyiczNxnbxQKyh0OE5mXq0bAHA==

emoji-regex@^10.3.0:
  version "10.4.0"
  resolved "https://registry.npmjs.org/emoji-regex/-/emoji-regex-10.4.0.tgz"
  integrity sha512-EC+0oUMY1Rqm4O6LLrgjtYDvcVYTy7chDnM4Q7030tP4Kwj3u/pR6gP9ygnp2CJMK5Gq+9Q2oqmrFJAz01DXjw==

escalade@^3.1.1:
  version "3.2.0"
  resolved "https://registry.npmjs.org/escalade/-/escalade-3.2.0.tgz"
  integrity sha512-WUj2qlxaQtO4g6Pq5c29GTcWGDyd8itL8zTlipgECz3JesAiiOKotd8JU6otB3PACgG6xkJUyVhboMS+bje/jA==

fast-glob@^3.3.3:
  version "3.3.3"
  resolved "https://registry.npmjs.org/fast-glob/-/fast-glob-3.3.3.tgz"
  integrity sha512-7MptL8U0cqcFdzIzwOTHoilX9x5BrNqye7Z/LuC7kCMRio1EMSyqRK3BEAUD7sXRq4iT4AzTVuZdhgQ2TCvYLg==
  dependencies:
    "@nodelib/fs.stat" "^2.0.2"
    "@nodelib/fs.walk" "^1.2.3"
    glob-parent "^5.1.2"
    merge2 "^1.3.0"
    micromatch "^4.0.8"

fastq@^1.6.0:
  version "1.19.1"
  resolved "https://registry.npmjs.org/fastq/-/fastq-1.19.1.tgz"
  integrity sha512-GwLTyxkCXjXbxqIhTsMI2Nui8huMPtnxg7krajPJAjnEG/iiOS7i+zCtWGZR9G0NBKbXKh6X9m9UIsYX/N6vvQ==
  dependencies:
    reusify "^1.0.4"

fdir@^6.4.4:
  version "6.4.6"
  resolved "https://registry.npmjs.org/fdir/-/fdir-6.4.6.tgz"
  integrity sha512-hiFoqpyZcfNm1yc4u8oWCf9A2c4D3QjCrks3zmoVKVxpQRzmPNar1hUJcBG2RQHvEVGDN+Jm81ZheVLAQMK6+w==

fill-range@^7.1.1:
  version "7.1.1"
  resolved "https://registry.npmjs.org/fill-range/-/fill-range-7.1.1.tgz"
  integrity sha512-YsGpe3WHLK8ZYi4tWDg2Jy3ebRz2rXowDxnld4bkQB00cc/1Zw9AWnC0i9ztDJitivtQvaI9KaLyKrc+hBW0yg==
  dependencies:
    to-regex-range "^5.0.1"

get-caller-file@^2.0.5:
  version "2.0.5"
  resolved "https://registry.npmjs.org/get-caller-file/-/get-caller-file-2.0.5.tgz"
  integrity sha512-DyFP3BM/3YHTQOCUL/w0OZHR0lpKeGrxotcHWcqNEdnltqFwXVfhEBQ94eIo34AfQpo0rGki4cyIiftY06h2Fg==

get-east-asian-width@^1.0.0:
  version "1.3.0"
  resolved "https://registry.npmjs.org/get-east-asian-width/-/get-east-asian-width-1.3.0.tgz"
  integrity sha512-vpeMIQKxczTD/0s2CdEWHcb0eeJe6TFjxb+J5xgX7hScxqrGuyjmv4c1D4A/gelKfyox0gJJwIHF+fLjeaM8kQ==

get-them-args@1.3.2:
  version "1.3.2"
  resolved "https://registry.npmjs.org/get-them-args/-/get-them-args-1.3.2.tgz"
  integrity sha512-LRn8Jlk+DwZE4GTlDbT3Hikd1wSHgLMme/+7ddlqKd7ldwR6LjJgTVWzBnR01wnYGe4KgrXjg287RaI22UHmAw==

git-hooks-list@^4.0.0:
  version "4.1.1"
  resolved "https://registry.npmjs.org/git-hooks-list/-/git-hooks-list-4.1.1.tgz"
  integrity sha512-cmP497iLq54AZnv4YRAEMnEyQ1eIn4tGKbmswqwmFV4GBnAqE8NLtWxxdXa++AalfgL5EBH4IxTPyquEuGY/jA==

glob-parent@^5.1.2:
  version "5.1.2"
  resolved "https://registry.npmjs.org/glob-parent/-/glob-parent-5.1.2.tgz"
  integrity sha512-AOIgSQCepiJYwP3ARnGx+5VnTu2HBYdzbGP45eLw1vr3zB3vZLeyed1sC9hnbcOc9/SrMyM5RPQrkGz4aS9Zow==
  dependencies:
    is-glob "^4.0.1"

globby@14.1.0:
  version "14.1.0"
  resolved "https://registry.npmjs.org/globby/-/globby-14.1.0.tgz"
  integrity sha512-0Ia46fDOaT7k4og1PDW4YbodWWr3scS2vAr2lTbsplOt2WkKp0vQbkI9wKis/T5LV/dqPjO3bpS/z6GTJB82LA==
  dependencies:
    "@sindresorhus/merge-streams" "^2.1.0"
    fast-glob "^3.3.3"
    ignore "^7.0.3"
    path-type "^6.0.0"
    slash "^5.1.0"
    unicorn-magic "^0.3.0"

ignore@^7.0.3:
  version "7.0.5"
  resolved "https://registry.npmjs.org/ignore/-/ignore-7.0.5.tgz"
  integrity sha512-Hs59xBNfUIunMFgWAbGX5cq6893IbWg4KnrjbYwX3tx0ztorVgTDA6B2sxf8ejHJ4wz8BqGUMYlnzNBer5NvGg==

is-extglob@^2.1.1:
  version "2.1.1"
  resolved "https://registry.npmjs.org/is-extglob/-/is-extglob-2.1.1.tgz"
  integrity sha512-SbKbANkN603Vi4jEZv49LeVJMn4yGwsbzZworEoyEiutsN3nJYdbO36zfhGJ6QEDpOZIFkDtnq5JRxmvl3jsoQ==

is-glob@^4.0.1:
  version "4.0.3"
  resolved "https://registry.npmjs.org/is-glob/-/is-glob-4.0.3.tgz"
  integrity sha512-xelSayHH36ZgE7ZWhli7pW34hNbNl8Ojv5KVmkJD4hBdD3th8Tfk9vYasLM+mXWOZhFkgZfxhLSnrwRr4elSSg==
  dependencies:
    is-extglob "^2.1.1"

is-number@^7.0.0:
  version "7.0.0"
  resolved "https://registry.npmjs.org/is-number/-/is-number-7.0.0.tgz"
  integrity sha512-41Cifkg6e8TylSpdtTpeLVMqvSBEVzTttHvERD741+pnZ8ANv0004MRL43QKPDlK9cGvNp6NZWZUBlbGXYxxng==

is-plain-obj@^4.1.0:
  version "4.1.0"
  resolved "https://registry.npmjs.org/is-plain-obj/-/is-plain-obj-4.1.0.tgz"
  integrity sha512-+Pgi+vMuUNkJyExiMBt5IlFoMyKnr5zhJ4Uspz58WOhBF5QoIZkFyNHIbBAtHwzVAgk5RtndVNsDRN61/mmDqg==

java-parser@3.0.1:
  version "3.0.1"
  resolved "https://registry.npmjs.org/java-parser/-/java-parser-3.0.1.tgz"
  integrity sha512-sDIR7u9b7O2JViNUxiZRhnRz7URII/eE7g2B+BmGxDeS6Ex3OYAcCyz5oh0H4LQ+hL/BS8OJTz8apMy9xtGmrQ==
  dependencies:
    chevrotain "11.0.3"
    chevrotain-allstar "0.3.1"
    lodash "4.17.21"

kill-port@2.0.1:
  version "2.0.1"
  resolved "https://registry.npmjs.org/kill-port/-/kill-port-2.0.1.tgz"
  integrity sha512-e0SVOV5jFo0mx8r7bS29maVWp17qGqLBZ5ricNSajON6//kmb7qqqNnml4twNE8Dtj97UQD+gNFOaipS/q1zzQ==
  dependencies:
    get-them-args "1.3.2"
    shell-exec "1.0.2"

lefthook-linux-x64@1.11.16:
  version "1.11.16"
  resolved "https://registry.npmjs.org/lefthook-linux-x64/-/lefthook-linux-x64-1.11.16.tgz"
  integrity sha512-MW1ClFIk3uTfpOCm+FGW8NZbXWA6Xdf/eUw6//mEVs3Q4EsZ4GYZn0AFRMrsaXxbSZnvAPhtNoEVqRfYWjWKBQ==

lefthook@1.11.16:
  version "1.11.16"
  resolved "https://registry.npmjs.org/lefthook/-/lefthook-1.11.16.tgz"
  integrity sha512-NbFZaAJUEiwBv6Npg7TZOCo9Bxh8VUSuBZ55CTulH9roQjknSXQWgGYz9FaHvqVeMBf7Xog2Wk84Ce7gWrWlYw==
  optionalDependencies:
    lefthook-darwin-arm64 "1.11.16"
    lefthook-darwin-x64 "1.11.16"
    lefthook-freebsd-arm64 "1.11.16"
    lefthook-freebsd-x64 "1.11.16"
    lefthook-linux-arm64 "1.11.16"
    lefthook-linux-x64 "1.11.16"
    lefthook-openbsd-arm64 "1.11.16"
    lefthook-openbsd-x64 "1.11.16"
    lefthook-windows-arm64 "1.11.16"
    lefthook-windows-x64 "1.11.16"

lodash-es@^4.17.21, lodash-es@4.17.21:
  version "4.17.21"
  resolved "https://registry.npmjs.org/lodash-es/-/lodash-es-4.17.21.tgz"
  integrity sha512-mKnC+QJ9pWVzv+C4/U3rRsHapFfHvQFoFB92e52xeyGMcX6/OlIl78je1u8vePzYZSkkogMPJ2yjxxsb89cxyw==

lodash@4.17.21:
  version "4.17.21"
  resolved "https://registry.npmjs.org/lodash/-/lodash-4.17.21.tgz"
  integrity sha512-v2kDEe57lecTulaDIuNTPy3Ry4gLGJ6Z1O3vE1krgXZNrsQ+LFTGHVxVjcXPs17LhbZVGedAJv8XZ1tvj5FvSg==

merge2@^1.3.0:
  version "1.4.1"
  resolved "https://registry.npmjs.org/merge2/-/merge2-1.4.1.tgz"
  integrity sha512-8q7VEgMJW4J8tcfVPy8g09NcQwZdbwFEqhe/WZkoIzjn/3TGDwtOCYtXGxA3O8tPzpczCCDgv+P2P5y00ZJOOg==

micromatch@^4.0.8:
  version "4.0.8"
  resolved "https://registry.npmjs.org/micromatch/-/micromatch-4.0.8.tgz"
  integrity sha512-PXwfBhYu0hBCPw8Dn0E+WDYb7af3dSLVWKi3HGv84IdF4TyFoC0ysxFd0Goxw7nSv4T/PzEJQxsYsEiFCKo2BA==
  dependencies:
    braces "^3.0.3"
    picomatch "^2.3.1"

minimal-promise-pool@5.0.0:
  version "5.0.0"
  resolved "https://registry.npmjs.org/minimal-promise-pool/-/minimal-promise-pool-5.0.0.tgz"
  integrity sha512-NRPQLEjEVCm6vWn1HA7zhYPLHkMtMYKQPqDU8qXwGznVKGtPoIUcmnYcAfyx/LiCHtn1V33ZuVqrsSE4+9iRGg==

path-type@^6.0.0:
  version "6.0.0"
  resolved "https://registry.npmjs.org/path-type/-/path-type-6.0.0.tgz"
  integrity sha512-Vj7sf++t5pBD637NSfkxpHSMfWaeig5+DKWLhcqIYx6mWQz5hdJTGDVMQiJcw1ZYkhs7AazKDGpRVji1LJCZUQ==

picomatch@^2.3.1:
  version "2.3.1"
  resolved "https://registry.npmjs.org/picomatch/-/picomatch-2.3.1.tgz"
  integrity sha512-JU3teHTNjmE2VCGFzuY8EXzCDVwEqB2a8fsIvwaStHhAWJEeVd1o1QD80CU6+ZdEXXSLbSsuLwJjkCBWqRQUVA==

"picomatch@^3 || ^4", picomatch@^4.0.2:
  version "4.0.2"
  resolved "https://registry.npmjs.org/picomatch/-/picomatch-4.0.2.tgz"
  integrity sha512-M7BAV6Rlcy5u+m6oPhAPFgJTzAioX/6B0DxyvDlo9l8+T3nLKbrczg2WLUyzd45L8RqfUMyGPzekbMvX2Ldkwg==

prettier-plugin-java@>=2.6, prettier-plugin-java@2.7.1:
  version "2.7.1"
  resolved "https://registry.npmjs.org/prettier-plugin-java/-/prettier-plugin-java-2.7.1.tgz"
  integrity sha512-e03KWvC05b3L20t+i/iPlqyivH4WSBK5XQC4buwdfz+xQVyMZzG0zRIz1Tl1wPU/m94HDiZVdldu2y+XKCf3DQ==
  dependencies:
    java-parser "3.0.1"

prettier@^3.0.0, prettier@>=3, prettier@3.6.2:
  version "3.6.2"
  resolved "https://registry.npmjs.org/prettier/-/prettier-3.6.2.tgz"
  integrity sha512-I7AIg5boAr5R0FFtJ6rCfD+LFsWHp81dolrFD8S79U9tb8Az2nGrJncnMSnys+bpQJfRUzqs9hnA81OAA3hCuQ==

queue-microtask@^1.2.2:
  version "1.2.3"
  resolved "https://registry.npmjs.org/queue-microtask/-/queue-microtask-1.2.3.tgz"
  integrity sha512-NuaNSa6flKT5JaSYQzJok04JzTL1CA6aGhv5rfLW3PgqA+M2ChpZQnAC8h8i4ZFkBS8X5RqkDBHA7r4hej3K9A==

reusify@^1.0.4:
  version "1.1.0"
  resolved "https://registry.npmjs.org/reusify/-/reusify-1.1.0.tgz"
  integrity sha512-g6QUff04oZpHs0eG5p83rFLhHeV00ug/Yf9nZM6fLeUrPguBTkTQOdpAWWspMh55TZfVQDPaN3NQJfbVRAxdIw==

run-parallel@^1.1.9:
  version "1.2.0"
  resolved "https://registry.npmjs.org/run-parallel/-/run-parallel-1.2.0.tgz"
  integrity sha512-5l4VyZR86LZ/lDxZTR6jqL8AFE2S0IFLMP26AbjsLVADxHdhB/c0GUsH+y39UfCi3dzz8OlQuPmnaJOMoDHQBA==
  dependencies:
    queue-microtask "^1.2.2"

semver@^7.7.1:
  version "7.7.2"
  resolved "https://registry.npmjs.org/semver/-/semver-7.7.2.tgz"
  integrity sha512-RF0Fw+rO5AMf9MAyaRXI4AV0Ulj5lMHqVxxdSgiVbixSCXoEmmX/jk0CuJw4+3SqroYO9VoUh+HcuJivvtJemA==

shell-exec@1.0.2:
  version "1.0.2"
  resolved "https://registry.npmjs.org/shell-exec/-/shell-exec-1.0.2.tgz"
  integrity sha512-jyVd+kU2X+mWKMmGhx4fpWbPsjvD53k9ivqetutVW/BQ+WIZoDoP4d8vUMGezV6saZsiNoW2f9GIhg9Dondohg==

slash@^5.1.0:
  version "5.1.0"
  resolved "https://registry.npmjs.org/slash/-/slash-5.1.0.tgz"
  integrity sha512-ZA6oR3T/pEyuqwMgAKT0/hAv8oAXckzbkmR0UkUosQ+Mc4RxGoJkRmwHgHufaenlyAgE1Mxgpdcrf75y6XcnDg==

sort-object-keys@^1.1.3:
  version "1.1.3"
  resolved "https://registry.npmjs.org/sort-object-keys/-/sort-object-keys-1.1.3.tgz"
  integrity sha512-855pvK+VkU7PaKYPc+Jjnmt4EzejQHyhhF33q31qG8x7maDzkeFhAAThdCYay11CISO+qAMwjOBP+fPZe0IPyg==

sort-package-json@3.4.0:
  version "3.4.0"
  resolved "https://registry.npmjs.org/sort-package-json/-/sort-package-json-3.4.0.tgz"
  integrity sha512-97oFRRMM2/Js4oEA9LJhjyMlde+2ewpZQf53pgue27UkbEXfHJnDzHlUxQ/DWUkzqmp7DFwJp8D+wi/TYeQhpA==
  dependencies:
    detect-indent "^7.0.1"
    detect-newline "^4.0.1"
    git-hooks-list "^4.0.0"
    is-plain-obj "^4.1.0"
    semver "^7.7.1"
    sort-object-keys "^1.1.3"
    tinyglobby "^0.2.12"

string-width@^7.0.0, string-width@^7.2.0:
  version "7.2.0"
  resolved "https://registry.npmjs.org/string-width/-/string-width-7.2.0.tgz"
  integrity sha512-tsaTIkKW9b4N+AEj+SVA+WhJzV7/zMhcSu78mLKWSk7cXMOSHsBKFWUs0fWwq8QyK3MgJBQRX6Gbi4kYbdvGkQ==
  dependencies:
    emoji-regex "^10.3.0"
    get-east-asian-width "^1.0.0"
    strip-ansi "^7.1.0"

strip-ansi@^7.1.0:
  version "7.1.0"
  resolved "https://registry.npmjs.org/strip-ansi/-/strip-ansi-7.1.0.tgz"
  integrity sha512-iq6eVVI64nQQTRYq2KtEg2d2uU7LElhTJwsH4YzIHZshxlgZms/wIc4VoDQTlG/IvVIrBKG06CrZnp0qv7hkcQ==
  dependencies:
    ansi-regex "^6.0.1"

tinyglobby@^0.2.12:
  version "0.2.14"
  resolved "https://registry.npmjs.org/tinyglobby/-/tinyglobby-0.2.14.tgz"
  integrity sha512-tX5e7OM1HnYr2+a2C/4V0htOcSQcoSTH9KgJnVvNm5zm/cyEWKJ7j7YutsH9CxMdtOkkLFy2AHrMci9IM8IPZQ==
  dependencies:
    fdir "^6.4.4"
    picomatch "^4.0.2"

to-regex-range@^5.0.1:
  version "5.0.1"
  resolved "https://registry.npmjs.org/to-regex-range/-/to-regex-range-5.0.1.tgz"
  integrity sha512-65P7iz6X5yEr1cwcgvQxbbIw7Uk3gOy5dIdtZ4rDveLqhrdJP+Li/Hx6tyK0NEb+2GCyneCMJiGqrADCSNk8sQ==
  dependencies:
    is-number "^7.0.0"

tree-kill@1.2.2:
  version "1.2.2"
  resolved "https://registry.npmjs.org/tree-kill/-/tree-kill-1.2.2.tgz"
  integrity sha512-L0Orpi8qGpRG//Nd+H90vFB+3iHnue1zSSGmNOOCh1GLJ7rUKVwV2HvijphGQS2UmhUZewS9VgvxYIdgr+fG1A==

typescript@5.8.3:
  version "5.8.3"
  resolved "https://registry.npmjs.org/typescript/-/typescript-5.8.3.tgz"
  integrity sha512-p1diW6TqL9L07nNxvRMM7hMMw4c5XOo/1ibL4aAIGmSAt9slTE1Xgw5KWuof2uTOvCg9BY7ZRi+GaF+7sfgPeQ==

undici-types@~7.8.0:
  version "7.8.0"
  resolved "https://registry.npmjs.org/undici-types/-/undici-types-7.8.0.tgz"
  integrity sha512-9UJ2xGDvQ43tYyVMpuHlsgApydB8ZKfVYTsLDhXkFL/6gfkp+U8xTGdh8pMJv1SpZna0zxG1DwsKZsreLbXBxw==

unicorn-magic@^0.3.0:
  version "0.3.0"
  resolved "https://registry.npmjs.org/unicorn-magic/-/unicorn-magic-0.3.0.tgz"
  integrity sha512-+QBBXBCvifc56fsbuxZQ6Sic3wqqc3WWaqxs58gvJrcOuN83HGTCwz3oS5phzU9LthRNE9VrJCFCLUgHeeFnfA==

wrap-ansi@^9.0.0:
  version "9.0.0"
  resolved "https://registry.npmjs.org/wrap-ansi/-/wrap-ansi-9.0.0.tgz"
  integrity sha512-G8ura3S+3Z2G+mkgNRq8dqaFZAuxfsxpBB8OCTGRTCtp+l/v9nbFNmCUP1BZMts3G1142MsZfn6eeUKrr4PD1Q==
  dependencies:
    ansi-styles "^6.2.1"
    string-width "^7.0.0"
    strip-ansi "^7.1.0"

y18n@^5.0.5:
  version "5.0.8"
  resolved "https://registry.npmjs.org/y18n/-/y18n-5.0.8.tgz"
  integrity sha512-0pfFzegeDWJHJIAmTLRP2DwHjdF5s7jo9tuztdQxAhINCdvS+3nGINqPd00AphqJR/0LhANUS6/+7SCb98YOfA==

yargs-parser@^22.0.0:
  version "22.0.0"
  resolved "https://registry.npmjs.org/yargs-parser/-/yargs-parser-22.0.0.tgz"
  integrity sha512-rwu/ClNdSMpkSrUb+d6BRsSkLUq1fmfsY6TOpYzTwvwkg1/NRG85KBy3kq++A8LKQwX6lsu+aWad+2khvuXrqw==

yargs@18.0.0:
  version "18.0.0"
  resolved "https://registry.npmjs.org/yargs/-/yargs-18.0.0.tgz"
  integrity sha512-4UEqdc2RYGHZc7Doyqkrqiln3p9X2DZVxaGbwhn2pi7MrRagKaOcIKe8L3OxYcbhXLgLFUS3zAYuQjKBQgmuNg==
  dependencies:
    cliui "^9.0.1"
    escalade "^3.1.1"
    get-caller-file "^2.0.5"
    string-width "^7.2.0"
    y18n "^5.0.5"
    yargs-parser "^22.0.0"
